
Microsoft Visual Studio Solution File, Format Version 12.00
# Visual Studio Version 16
VisualStudioVersion = 16.0.31019.35
MinimumVisualStudioVersion = 10.0.40219.1
Project("{9A19103F-16F7-4668-BE54-9A1E7A4F7556}") = "Websait beta", "Websait beta\Websait beta.csproj", "{96E62F7E-4BEA-45EC-B920-971514FD8F89}"
EndProject
Project("{FAE04EC0-301F-11D3-BF4B-00C04F79EFBC}") = "draft", "draft\draft.csproj", "{FC408346-0436-422A-B46F-2FDD9445BFD9}"
EndProject
Global
	GlobalSection(SolutionConfigurationPlatforms) = preSolution
		Debug|Any CPU = Debug|Any CPU
		Release|Any CPU = Release|Any CPU
	EndGlobalSection
	GlobalSection(ProjectConfigurationPlatforms) = postSolution
		{96E62F7E-4BEA-45EC-B920-971514FD8F89}.Debug|Any CPU.ActiveCfg = Debug|Any CPU
		{96E62F7E-4BEA-45EC-B920-971514FD8F89}.Debug|Any CPU.Build.0 = Debug|Any CPU
		{96E62F7E-4BEA-45EC-B920-971514FD8F89}.Release|Any CPU.ActiveCfg = Release|Any CPU
		{96E62F7E-4BEA-45EC-B920-971514FD8F89}.Release|Any CPU.Build.0 = Release|Any CPU
		{FC408346-0436-422A-B46F-2FDD9445BFD9}.Debug|Any CPU.ActiveCfg = Debug|Any CPU
		{FC408346-0436-422A-B46F-2FDD9445BFD9}.Debug|Any CPU.Build.0 = Debug|Any CPU
		{FC408346-0436-422A-B46F-2FDD9445BFD9}.Release|Any CPU.ActiveCfg = Release|Any CPU
		{FC408346-0436-422A-B46F-2FDD9445BFD9}.Release|Any CPU.Build.0 = Release|Any CPU
	EndGlobalSection
	GlobalSection(SolutionProperties) = preSolution
		HideSolutionNode = FALSE
	EndGlobalSection
	GlobalSection(ExtensibilityGlobals) = postSolution
		SolutionGuid = {5A056919-2D04-4215-8510-16FC1CAD1179}
	EndGlobalSection
EndGlobal
